# THIS IS AN AUTOGENERATED FILE. DO NOT EDIT THIS FILE DIRECTLY.
# yarn lockfile v1


"async@~0.8.0":
  "integrity" "sha1-7mXsdymML/FFa8RBigUtDwZDURI="
  "resolved" "https://registry.npmjs.org/async/-/async-0.8.0.tgz"
  "version" "0.8.0"

"commander@~2.2.0":
  "integrity" "sha1-F1rUuTF/P/YV8gHB5XIk9Vo+kd8="
  "resolved" "https://registry.npmjs.org/commander/-/commander-2.2.0.tgz"
  "version" "2.2.0"

"gain@^0.0.3":
  "integrity" "sha1-Qkjl8mGHd3LSwr5hCSWAEI0O4Rc="
  "resolved" "https://registry.npmjs.org/gain/-/gain-0.0.3.tgz"
  "version" "0.0.3"
  dependencies:
    "async" "~0.8.0"
    "commander" "~2.2.0"
    "lodash" "~4.17.5"

"lodash@~4.17.5":
  "integrity" "sha1-+t2DS5aDBz2hebPq5tnA0VBT9z4="
  "resolved" "https://registry.npmjs.org/lodash/-/lodash-2.4.2.tgz"
  "version" "2.4.2"
